schema: '2.0'
stages:
  load_data:
    cmd: python src/load_data.py --config=params.yaml
    deps:
    - path: data_given/winequality.csv
      md5: ccc8d3507eb151f53f760d36abdef888
      size: 91998
    - path: src/get_data.py
      md5: 41c2c886ad74213c2b62b5cbcf73d8cb
      size: 717
    - path: src/load_data.py
      md5: 0ceee3ad0dcd1ef54e3e4a4ce0d2846a
      size: 657
    outs:
    - path: data/raw/winequality.csv
      md5: d98e8f2eca228c11c4de1cc96866a54d
      size: 91998
